
Microsoft Visual Studio Solution File, Format Version 12.00
# Visual Studio Version 17
VisualStudioVersion = 17.5.33516.290
MinimumVisualStudioVersion = 10.0.40219.1
Project("{FAE04EC0-301F-11D3-BF4B-00C04F79EFBC}") = "MVC_Result_Turleri", "MVC_Result_Turleri\MVC_Result_Turleri.csproj", "{AF43F9A3-80AE-489C-9353-D8B76EA558CD}"
EndProject
Global
	GlobalSection(SolutionConfigurationPlatforms) = preSolution
		Debug|Any CPU = Debug|Any CPU
		Release|Any CPU = Release|Any CPU
	EndGlobalSection
	GlobalSection(ProjectConfigurationPlatforms) = postSolution
		{AF43F9A3-80AE-489C-9353-D8B76EA558CD}.Debug|Any CPU.ActiveCfg = Debug|Any CPU
		{AF43F9A3-80AE-489C-9353-D8B76EA558CD}.Debug|Any CPU.Build.0 = Debug|Any CPU
		{AF43F9A3-80AE-489C-9353-D8B76EA558CD}.Release|Any CPU.ActiveCfg = Release|Any CPU
		{AF43F9A3-80AE-489C-9353-D8B76EA558CD}.Release|Any CPU.Build.0 = Release|Any CPU
	EndGlobalSection
	GlobalSection(SolutionProperties) = preSolution
		HideSolutionNode = FALSE
	EndGlobalSection
	GlobalSection(ExtensibilityGlobals) = postSolution
		SolutionGuid = {6CC9ED6A-CB70-4088-ADA5-35A6683D2DCB}
	EndGlobalSection
EndGlobal
